
Microsoft Visual Studio Solution File, Format Version 12.00
# Visual Studio Version 16
VisualStudioVersion = 16.0.29613.14
MinimumVisualStudioVersion = 10.0.40219.1
Project("{FAE04EC0-301F-11D3-BF4B-00C04F79EFBC}") = "TaskSap", "TaskSap\TaskSap.csproj", "{B9D7EB02-5F69-4174-A6D6-353807AFF19F}"
EndProject
Global
	GlobalSection(SolutionConfigurationPlatforms) = preSolution
		Debug|Any CPU = Debug|Any CPU
		Release|Any CPU = Release|Any CPU
	EndGlobalSection
	GlobalSection(ProjectConfigurationPlatforms) = postSolution
		{B9D7EB02-5F69-4174-A6D6-353807AFF19F}.Debug|Any CPU.ActiveCfg = Debug|Any CPU
		{B9D7EB02-5F69-4174-A6D6-353807AFF19F}.Debug|Any CPU.Build.0 = Debug|Any CPU
		{B9D7EB02-5F69-4174-A6D6-353807AFF19F}.Release|Any CPU.ActiveCfg = Release|Any CPU
		{B9D7EB02-5F69-4174-A6D6-353807AFF19F}.Release|Any CPU.Build.0 = Release|Any CPU
	EndGlobalSection
	GlobalSection(SolutionProperties) = preSolution
		HideSolutionNode = FALSE
	EndGlobalSection
	GlobalSection(ExtensibilityGlobals) = postSolution
		SolutionGuid = {07576BBA-FAFE-4E50-93C1-9C1466D400D7}
	EndGlobalSection
EndGlobal
